
Microsoft Visual Studio Solution File, Format Version 12.00
# Visual Studio Version 16
VisualStudioVersion = 16.0.29326.143
MinimumVisualStudioVersion = 10.0.40219.1
Project("{9A19103F-16F7-4668-BE54-9A1E7A4F7556}") = "SharePointWebHook", "SharePointWebHook.csproj", "{A2EDA4CE-C927-43B4-BE6E-512D67339B34}"
EndProject
Global
	GlobalSection(SolutionConfigurationPlatforms) = preSolution
		Debug|Any CPU = Debug|Any CPU
		Release|Any CPU = Release|Any CPU
	EndGlobalSection
	GlobalSection(ProjectConfigurationPlatforms) = postSolution
		{A2EDA4CE-C927-43B4-BE6E-512D67339B34}.Debug|Any CPU.ActiveCfg = Debug|Any CPU
		{A2EDA4CE-C927-43B4-BE6E-512D67339B34}.Debug|Any CPU.Build.0 = Debug|Any CPU
		{A2EDA4CE-C927-43B4-BE6E-512D67339B34}.Release|Any CPU.ActiveCfg = Release|Any CPU
		{A2EDA4CE-C927-43B4-BE6E-512D67339B34}.Release|Any CPU.Build.0 = Release|Any CPU
	EndGlobalSection
	GlobalSection(SolutionProperties) = preSolution
		HideSolutionNode = FALSE
	EndGlobalSection
	GlobalSection(ExtensibilityGlobals) = postSolution
		SolutionGuid = {F9AC2DB9-16BC-4DFC-B4D5-EB02399BC5F2}
	EndGlobalSection
EndGlobal
